
Microsoft Visual Studio Solution File, Format Version 12.00
# Visual Studio Version 17
VisualStudioVersion = 17.14.36109.1 d17.14
MinimumVisualStudioVersion = 10.0.40219.1
Project("{FAE04EC0-301F-11D3-BF4B-00C04F79EFBC}") = "CatalogoProduto", "CatalogoProduto.csproj", "{5E3146F1-EF8B-468E-95D9-E3545E129E8F}"
EndProject
Global
	GlobalSection(SolutionConfigurationPlatforms) = preSolution
		Debug|Any CPU = Debug|Any CPU
		Release|Any CPU = Release|Any CPU
	EndGlobalSection
	GlobalSection(ProjectConfigurationPlatforms) = postSolution
		{5E3146F1-EF8B-468E-95D9-E3545E129E8F}.Debug|Any CPU.ActiveCfg = Debug|Any CPU
		{5E3146F1-EF8B-468E-95D9-E3545E129E8F}.Debug|Any CPU.Build.0 = Debug|Any CPU
		{5E3146F1-EF8B-468E-95D9-E3545E129E8F}.Release|Any CPU.ActiveCfg = Release|Any CPU
		{5E3146F1-EF8B-468E-95D9-E3545E129E8F}.Release|Any CPU.Build.0 = Release|Any CPU
	EndGlobalSection
	GlobalSection(SolutionProperties) = preSolution
		HideSolutionNode = FALSE
	EndGlobalSection
	GlobalSection(ExtensibilityGlobals) = postSolution
		SolutionGuid = {8B97227D-833D-4DCE-85C5-19A400C6981F}
	EndGlobalSection
EndGlobal
